# THIS IS AN AUTOGENERATED FILE. DO NOT EDIT THIS FILE DIRECTLY.
# yarn lockfile v1


"@dcloudio/uni-ui@^1.4.19":
  version "1.4.19"
  resolved "https://registry.yarnpkg.com/@dcloudio/uni-ui/-/uni-ui-1.4.19.tgz#52f6db86dd35af3812706455fde3e5583806d42e"
  integrity sha512-cKdiyvLxEmLJX/5XsOM4dxz8JKbQaVYDD71YUPBuN5l5QuG0vCGLAUNcwyXbXLbtNICD5fih/kLhefzW44wPqA==
