{
  "name": "ISBNQuery",
  "lockfileVersion": 2,
  "requires": true,
  "packages": {
    "": {
      "dependencies": {
        "doubanbook": "^1.0.1"
      }
    },
    "node_modules/doubanbook": {
      "version": "1.0.1",
      "resolved": "https://registry.npmjs.org/doubanbook/-/doubanbook-1.0.1.tgz",
      "integrity": "sha512-7nXuFbVeVPeQ+L7+KodvCBhHrVGRJaTIM5Yl7Ew0fjsYi+BgNYfvX+TIZcCFnAxrMFdzqyna4Oq4fmti6HNMHw=="
    }
  },
  "dependencies": {
    "doubanbook": {
      "version": "1.0.1",
      "resolved": "https://registry.npmjs.org/doubanbook/-/doubanbook-1.0.1.tgz",
      "integrity": "sha512-7nXuFbVeVPeQ+L7+KodvCBhHrVGRJaTIM5Yl7Ew0fjsYi+BgNYfvX+TIZcCFnAxrMFdzqyna4Oq4fmti6HNMHw=="
    }
  }
}
